// !$*UTF8*$!
{
	archiveVersion = 1;
	classes = {
	};
	objectVersion = 46;
	objects = {

/* Begin PBXBuildFile section */
		840D5F9819E468BC002E961A /* AppDelegate.swift in Sources */ = {isa = PBXBuildFile; fileRef = 840D5F9719E468BC002E961A /* AppDelegate.swift */; };
		840D5F9A19E468BC002E961A /* ViewController.swift in Sources */ = {isa = PBXBuildFile; fileRef = 840D5F9919E468BC002E961A /* ViewController.swift */; };
		840D5F9D19E468BC002E961A /* Main.storyboard in Resources */ = {isa = PBXBuildFile; fileRef = 840D5F9B19E468BC002E961A /* Main.storyboard */; };
		840D5F9F19E468BC002E961A /* Images.xcassets in Resources */ = {isa = PBXBuildFile; fileRef = 840D5F9E19E468BC002E961A /* Images.xcassets */; };
		840D5FA219E468BC002E961A /* LaunchScreen.xib in Resources */ = {isa = PBXBuildFile; fileRef = 840D5FA019E468BC002E961A /* LaunchScreen.xib */; };
		840D5FAE19E468BC002E961A /* postcardTests.swift in Sources */ = {isa = PBXBuildFile; fileRef = 840D5FAD19E468BC002E961A /* postcardTests.swift */; };
/* End PBXBuildFile section */

/* Begin PBXContainerItemProxy section */
		840D5FA819E468BC002E961A /* PBXContainerItemProxy */ = {
			isa = PBXContainerItemProxy;
			containerPortal = 840D5F8A19E468BC002E961A /* Project object */;
			proxyType = 1;
			remoteGlobalIDString = 840D5F9119E468BC002E961A;
			remoteInfo = postcard;
		};
/* End PBXContainerItemProxy section */

/* Begin PBXFileReference section */
		840D5F9219E468BC002E961A /* postcard.app */ = {isa = PBXFileReference; explicitFileType = wrapper.application; includeInIndex = 0; path = postcard.app; sourceTree = BUILT_PRODUCTS_DIR; };
		840D5F9619E468BC002E961A /* Info.plist */ = {isa = PBXFileReference; lastKnownFileType = text.plist.xml; path = Info.plist; sourceTree = "<group>"; };
		840D5F9719E468BC002E961A /* AppDelegate.swift */ = {isa = PBXFileReference; lastKnownFileType = sourcecode.swift; path = AppDelegate.swift; sourceTree = "<group>"; };
		840D5F9919E468BC002E961A /* ViewController.swift */ = {isa = PBXFileReference; lastKnownFileType = sourcecode.swift; path = ViewController.swift; sourceTree = "<group>"; };
		840D5F9C19E468BC002E961A /* Base */ = {isa = PBXFileReference; lastKnownFileType = file.storyboard; name = Base; path = Base.lproj/Main.storyboard; sourceTree = "<group>"; };
		840D5F9E19E468BC002E961A /* Images.xcassets */ = {isa = PBXFileReference; lastKnownFileType = folder.assetcatalog; path = Images.xcassets; sourceTree = "<group>"; };
		840D5FA119E468BC002E961A /* Base */ = {isa = PBXFileReference; lastKnownFileType = file.xib; name = Base; path = Base.lproj/LaunchScreen.xib; sourceTree = "<group>"; };
		840D5FA719E468BC002E961A /* postcardTests.xctest */ = {isa = PBXFileReference; explicitFileType = wrapper.cfbundle; includeInIndex = 0; path = postcardTests.xctest; sourceTree = BUILT_PRODUCTS_DIR; };
		840D5FAC19E468BC002E961A /* Info.plist */ = {isa = PBXFileReference; lastKnownFileType = text.plist.xml; path = Info.plist; sourceTree = "<group>"; };
		840D5FAD19E468BC002E961A /* postcardTests.swift */ = {isa = PBXFileReference; lastKnownFileType = sourcecode.swift; path = postcardTests.swift; sourceTree = "<group>"; };
/* End PBXFileReference section */

/* Begin PBXFrameworksBuildPhase section */
		840D5F8F19E468BC002E961A /* Frameworks */ = {
			isa = PBXFrameworksBuildPhase;
			buildActionMask = 2147483647;
			files = (
			);
			runOnlyForDeploymentPostprocessing = 0;
		};
		840D5FA419E468BC002E961A /* Frameworks */ = {
			isa = PBXFrameworksBuildPhase;
			buildActionMask = 2147483647;
			files = (
			);
			runOnlyForDeploymentPostprocessing = 0;
		};
/* End PBXFrameworksBuildPhase section */

/* Begin PBXGroup section */
		840D5F8919E468BC002E961A = {
			isa = PBXGroup;
			children = (
				840D5F9419E468BC002E961A /* postcard */,
				840D5FAA19E468BC002E961A /* postcardTests */,
				840D5F9319E468BC002E961A /* Products */,
			);
			sourceTree = "<group>";
		};
		840D5F9319E468BC002E961A /* Products */ = {
			isa = PBXGroup;
			children = (
				840D5F9219E468BC002E961A /* postcard.app */,
				840D5FA719E468BC002E961A /* postcardTests.xctest */,
			);
			name = Products;
			sourceTree = "<group>";
		};
		840D5F9419E468BC002E961A /* postcard */ = {
			isa = PBXGroup;
			children = (
				840D5F9719E468BC002E961A /* AppDelegate.swift */,
				840D5F9919E468BC002E961A /* ViewController.swift */,
				840D5F9B19E468BC002E961A /* Main.storyboard */,
				840D5F9E19E468BC002E961A /* Images.xcassets */,
				840D5FA019E468BC002E961A /* LaunchScreen.xib */,
				840D5F9519E468BC002E961A /* Supporting Files */,
			);
			path = postcard;
			sourceTree = "<group>";
		};
		840D5F9519E468BC002E961A /* Supporting Files */ = {
			isa = PBXGroup;
			children = (
				840D5F9619E468BC002E961A /* Info.plist */,
			);
			name = "Supporting Files";
			sourceTree = "<group>";
		};
		840D5FAA19E468BC002E961A /* postcardTests */ = {
			isa = PBXGroup;
			children = (
				840D5FAD19E468BC002E961A /* postcardTests.swift */,
				840D5FAB19E468BC002E961A /* Supporting Files */,
			);
			path = postcardTests;
			sourceTree = "<group>";
		};
		840D5FAB19E468BC002E961A /* Supporting Files */ = {
			isa = PBXGroup;
			children = (
				840D5FAC19E468BC002E961A /* Info.plist */,
			);
			name = "Supporting Files";
			sourceTree = "<group>";
		};
/* End PBXGroup section */

/* Begin PBXNativeTarget section */
		840D5F9119E468BC002E961A /* postcard */ = {
			isa = PBXNativeTarget;
			buildConfigurationList = 840D5FB119E468BC002E961A /* Build configuration list for PBXNativeTarget "postcard" */;
			buildPhases = (
				840D5F8E19E468BC002E961A /* Sources */,
				840D5F8F19E468BC002E961A /* Frameworks */,
				840D5F9019E468BC002E961A /* Resources */,
			);
			buildRules = (
			);
			dependencies = (
			);
			name = postcard;
			productName = postcard;
			productReference = 840D5F9219E468BC002E961A /* postcard.app */;
			productType = "com.apple.product-type.application";
		};
		840D5FA619E468BC002E961A /* postcardTests */ = {
			isa = PBXNativeTarget;
			buildConfigurationList = 840D5FB419E468BC002E961A /* Build configuration list for PBXNativeTarget "postcardTests" */;
			buildPhases = (
				840D5FA319E468BC002E961A /* Sources */,
				840D5FA419E468BC002E961A /* Frameworks */,
				840D5FA519E468BC002E961A /* Resources */,
			);
			buildRules = (
			);
			dependencies = (
				840D5FA919E468BC002E961A /* PBXTargetDependency */,
			);
			name = postcardTests;
			productName = postcardTests;
			productReference = 840D5FA719E468BC002E961A /* postcardTests.xctest */;
			productType = "com.apple.product-type.bundle.unit-test";
		};
/* End PBXNativeTarget section */

/* Begin PBXProject section */
		840D5F8A19E468BC002E961A /* Project object */ = {
			isa = PBXProject;
			attributes = {
				LastUpgradeCheck = 0610;
				ORGANIZATIONNAME = "Tom Fitzgerald";
				TargetAttributes = {
					840D5F9119E468BC002E961A = {
						CreatedOnToolsVersion = 6.1;
					};
					840D5FA619E468BC002E961A = {
						CreatedOnToolsVersion = 6.1;
						TestTargetID = 840D5F9119E468BC002E961A;
					};
				};
			};
			buildConfigurationList = 840D5F8D19E468BC002E961A /* Build configuration list for PBXProject "postcard" */;
			compatibilityVersion = "Xcode 3.2";
			developmentRegion = English;
			hasScannedForEncodings = 0;
			knownRegions = (
				en,
				Base,
			);
			mainGroup = 840D5F8919E468BC002E961A;
			productRefGroup = 840D5F9319E468BC002E961A /* Products */;
			projectDirPath = "";
			projectRoot = "";
			targets = (
				840D5F9119E468BC002E961A /* postcard */,
				840D5FA619E468BC002E961A /* postcardTests */,
			);
		};
/* End PBXProject section */

/* Begin PBXResourcesBuildPhase section */
		840D5F9019E468BC002E961A /* Resources */ = {
			isa = PBXResourcesBuildPhase;
			buildActionMask = 2147483647;
			files = (
				840D5F9D19E468BC002E961A /* Main.storyboard in Resources */,
				840D5FA219E468BC002E961A /* LaunchScreen.xib in Resources */,
				840D5F9F19E468BC002E961A /* Images.xcassets in Resources */,
			);
			runOnlyForDeploymentPostprocessing = 0;
		};
		840D5FA519E468BC002E961A /* Resources */ = {
			isa = PBXResourcesBuildPhase;
			buildActionMask = 2147483647;
			files = (
			);
			runOnlyForDeploymentPostprocessing = 0;
		};
/* End PBXResourcesBuildPhase section */

/* Begin PBXSourcesBuildPhase section */
		840D5F8E19E468BC002E961A /* Sources */ = {
			isa = PBXSourcesBuildPhase;
			buildActionMask = 2147483647;
			files = (
				840D5F9A19E468BC002E961A /* ViewController.swift in Sources */,
				840D5F9819E468BC002E961A /* AppDelegate.swift in Sources */,
			);
			runOnlyForDeploymentPostprocessing = 0;
		};
		840D5FA319E468BC002E961A /* Sources */ = {
			isa = PBXSourcesBuildPhase;
			buildActionMask = 2147483647;
			files = (
				840D5FAE19E468BC002E961A /* postcardTests.swift in Sources */,
			);
			runOnlyForDeploymentPostprocessing = 0;
		};
/* End PBXSourcesBuildPhase section */

/* Begin PBXTargetDependency section */
		840D5FA919E468BC002E961A /* PBXTargetDependency */ = {
			isa = PBXTargetDependency;
			target = 840D5F9119E468BC002E961A /* postcard */;
			targetProxy = 840D5FA819E468BC002E961A /* PBXContainerItemProxy */;
		};
/* End PBXTargetDependency section */

/* Begin PBXVariantGroup section */
		840D5F9B19E468BC002E961A /* Main.storyboard */ = {
			isa = PBXVariantGroup;
			children = (
				840D5F9C19E468BC002E961A /* Base */,
			);
			name = Main.storyboard;
			sourceTree = "<group>";
		};
		840D5FA019E468BC002E961A /* LaunchScreen.xib */ = {
			isa = PBXVariantGroup;
			children = (
				840D5FA119E468BC002E961A /* Base */,
			);
			name = LaunchScreen.xib;
			sourceTree = "<group>";
		};
/* End PBXVariantGroup section */

/* Begin XCBuildConfiguration section */
		840D5FAF19E468BC002E961A /* Debug */ = {
			isa = XCBuildConfiguration;
			buildSettings = {
				ALWAYS_SEARCH_USER_PATHS = NO;
				CLANG_CXX_LANGUAGE_STANDARD = "gnu++0x";
				CLANG_CXX_LIBRARY = "libc++";
				CLANG_ENABLE_MODULES = YES;
				CLANG_ENABLE_OBJC_ARC = YES;
				CLANG_WARN_BOOL_CONVERSION = YES;
				CLANG_WARN_CONSTANT_CONVERSION = YES;
				CLANG_WARN_DIRECT_OBJC_ISA_USAGE = YES_ERROR;
				CLANG_WARN_EMPTY_BODY = YES;
				CLANG_WARN_ENUM_CONVERSION = YES;
				CLANG_WARN_INT_CONVERSION = YES;
				CLANG_WARN_OBJC_ROOT_CLASS = YES_ERROR;
				CLANG_WARN_UNREACHABLE_CODE = YES;
				CLANG_WARN__DUPLICATE_METHOD_MATCH = YES;
				"CODE_SIGN_IDENTITY[sdk=iphoneos*]" = "iPhone Developer";
				COPY_PHASE_STRIP = NO;
				ENABLE_STRICT_OBJC_MSGSEND = YES;
				GCC_C_LANGUAGE_STANDARD = gnu99;
				GCC_DYNAMIC_NO_PIC = NO;
				GCC_OPTIMIZATION_LEVEL = 0;
				GCC_PREPROCESSOR_DEFINITIONS = (
					"DEBUG=1",
					"$(inherited)",
				);
				GCC_SYMBOLS_PRIVATE_EXTERN = NO;
				GCC_WARN_64_TO_32_BIT_CONVERSION = YES;
				GCC_WARN_ABOUT_RETURN_TYPE = YES_ERROR;
				GCC_WARN_UNDECLARED_SELECTOR = YES;
				GCC_WARN_UNINITIALIZED_AUTOS = YES_AGGRESSIVE;
				GCC_WARN_UNUSED_FUNCTION = YES;
				GCC_WARN_UNUSED_VARIABLE = YES;
				IPHONEOS_DEPLOYMENT_TARGET = 8.1;
				MTL_ENABLE_DEBUG_INFO = YES;
				ONLY_ACTIVE_ARCH = YES;
				SDKROOT = iphoneos;
				SWIFT_OPTIMIZATION_LEVEL = "-Onone";
				TARGETED_DEVICE_FAMILY = "1,2";
			};
			name = Debug;
		};
		840D5FB019E468BC002E961A /* Release */ = {
			isa = XCBuildConfiguration;
			buildSettings = {
				ALWAYS_SEARCH_USER_PATHS = NO;
				CLANG_CXX_LANGUAGE_STANDARD = "gnu++0x";
				CLANG_CXX_LIBRARY = "libc++";
				CLANG_ENABLE_MODULES = YES;
				CLANG_ENABLE_OBJC_ARC = YES;
				CLANG_WARN_BOOL_CONVERSION = YES;
				CLANG_WARN_CONSTANT_CONVERSION = YES;
				CLANG_WARN_DIRECT_OBJC_ISA_USAGE = YES_ERROR;
				CLANG_WARN_EMPTY_BODY = YES;
				CLANG_WARN_ENUM_CONVERSION = YES;
				CLANG_WARN_INT_CONVERSION = YES;
				CLANG_WARN_OBJC_ROOT_CLASS = YES_ERROR;
				CLANG_WARN_UNREACHABLE_CODE = YES;
				CLANG_WARN__DUPLICATE_METHOD_MATCH = YES;
				"CODE_SIGN_IDENTITY[sdk=iphoneos*]" = "iPhone Developer";
				COPY_PHASE_STRIP = YES;
				ENABLE_NS_ASSERTIONS = NO;
				ENABLE_STRICT_OBJC_MSGSEND = YES;
				GCC_C_LANGUAGE_STANDARD = gnu99;
				GCC_WARN_64_TO_32_BIT_CONVERSION = YES;
				GCC_WARN_ABOUT_RETURN_TYPE = YES_ERROR;
				GCC_WARN_UNDECLARED_SELECTOR = YES;
				GCC_WARN_UNINITIALIZED_AUTOS = YES_AGGRESSIVE;
				GCC_WARN_UNUSED_FUNCTION = YES;
				GCC_WARN_UNUSED_VARIABLE = YES;
				IPHONEOS_DEPLOYMENT_TARGET = 8.1;
				MTL_ENABLE_DEBUG_INFO = NO;
				SDKROOT = iphoneos;
				TARGETED_DEVICE_FAMILY = "1,2";
				VALIDATE_PRODUCT = YES;
			};
			name = Release;
		};
		840D5FB219E468BC002E961A /* Debug */ = {
			isa = XCBuildConfiguration;
			buildSettings = {
				ASSETCATALOG_COMPILER_APPICON_NAME = AppIcon;
				INFOPLIST_FILE = postcard/Info.plist;
				LD_RUNPATH_SEARCH_PATHS = "$(inherited) @executable_path/Frameworks";
				PRODUCT_NAME = "$(TARGET_NAME)";
			};
			name = Debug;
		};
		840D5FB319E468BC002E961A /* Release */ = {
			isa = XCBuildConfiguration;
			buildSettings = {
				ASSETCATALOG_COMPILER_APPICON_NAME = AppIcon;
				INFOPLIST_FILE = postcard/Info.plist;
				LD_RUNPATH_SEARCH_PATHS = "$(inherited) @executable_path/Frameworks";
				PRODUCT_NAME = "$(TARGET_NAME)";
			};
			name = Release;
		};
		840D5FB519E468BC002E961A /* Debug */ = {
			isa = XCBuildConfiguration;
			buildSettings = {
				BUNDLE_LOADER = "$(TEST_HOST)";
				FRAMEWORK_SEARCH_PATHS = (
					"$(SDKROOT)/Developer/Library/Frameworks",
					"$(inherited)",
				);
				GCC_PREPROCESSOR_DEFINITIONS = (
					"DEBUG=1",
					"$(inherited)",
				);
				INFOPLIST_FILE = postcardTests/Info.plist;
				LD_RUNPATH_SEARCH_PATHS = "$(inherited) @executable_path/Frameworks @loader_path/Frameworks";
				PRODUCT_NAME = "$(TARGET_NAME)";
				TEST_HOST = "$(BUILT_PRODUCTS_DIR)/postcard.app/postcard";
			};
			name = Debug;
		};
		840D5FB619E468BC002E961A /* Release */ = {
			isa = XCBuildConfiguration;
			buildSettings = {
				BUNDLE_LOADER = "$(TEST_HOST)";
				FRAMEWORK_SEARCH_PATHS = (
					"$(SDKROOT)/Developer/Library/Frameworks",
					"$(inherited)",
				);
				INFOPLIST_FILE = postcardTests/Info.plist;
				LD_RUNPATH_SEARCH_PATHS = "$(inherited) @executable_path/Frameworks @loader_path/Frameworks";
				PRODUCT_NAME = "$(TARGET_NAME)";
				TEST_HOST = "$(BUILT_PRODUCTS_DIR)/postcard.app/postcard";
			};
			name = Release;
		};
/* End XCBuildConfiguration section */

/* Begin XCConfigurationList section */
		840D5F8D19E468BC002E961A /* Build configuration list for PBXProject "postcard" */ = {
			isa = XCConfigurationList;
			buildConfigurations = (
				840D5FAF19E468BC002E961A /* Debug */,
				840D5FB019E468BC002E961A /* Release */,
			);
			defaultConfigurationIsVisible = 0;
			defaultConfigurationName = Release;
		};
		840D5FB119E468BC002E961A /* Build configuration list for PBXNativeTarget "postcard" */ = {
			isa = XCConfigurationList;
			buildConfigurations = (
				840D5FB219E468BC002E961A /* Debug */,
				840D5FB319E468BC002E961A /* Release */,
			);
			defaultConfigurationIsVisible = 0;
		};
		840D5FB419E468BC002E961A /* Build configuration list for PBXNativeTarget "postcardTests" */ = {
			isa = XCConfigurationList;
			buildConfigurations = (
				840D5FB519E468BC002E961A /* Debug */,
				840D5FB619E468BC002E961A /* Release */,
			);
			defaultConfigurationIsVisible = 0;
		};
/* End XCConfigurationList section */
	};
	rootObject = 840D5F8A19E468BC002E961A /* Project object */;
}
